
Microsoft Visual Studio Solution File, Format Version 12.00
# Visual Studio Version 16
VisualStudioVersion = 16.0.30128.36
MinimumVisualStudioVersion = 10.0.40219.1
Project("{FAE04EC0-301F-11D3-BF4B-00C04F79EFBC}") = "ImageHighlighterWasm", "ImageHighlighterWasm\ImageHighlighterWasm.csproj", "{B620A261-195B-427B-A42F-1DF530FFE0B7}"
EndProject
Global
	GlobalSection(SolutionConfigurationPlatforms) = preSolution
		Debug|Any CPU = Debug|Any CPU
		Release|Any CPU = Release|Any CPU
	EndGlobalSection
	GlobalSection(ProjectConfigurationPlatforms) = postSolution
		{B620A261-195B-427B-A42F-1DF530FFE0B7}.Debug|Any CPU.ActiveCfg = Debug|Any CPU
		{B620A261-195B-427B-A42F-1DF530FFE0B7}.Debug|Any CPU.Build.0 = Debug|Any CPU
		{B620A261-195B-427B-A42F-1DF530FFE0B7}.Release|Any CPU.ActiveCfg = Release|Any CPU
		{B620A261-195B-427B-A42F-1DF530FFE0B7}.Release|Any CPU.Build.0 = Release|Any CPU
	EndGlobalSection
	GlobalSection(SolutionProperties) = preSolution
		HideSolutionNode = FALSE
	EndGlobalSection
	GlobalSection(ExtensibilityGlobals) = postSolution
		SolutionGuid = {BE3C39E3-6B16-482F-B84C-539126BC68DA}
	EndGlobalSection
EndGlobal
